dependencies:
- name: gitlab
  repository: ""
  version: '*.*.*'
- name: certmanager-issuer
  repository: ""
  version: '*.*.*'
- name: minio
  repository: ""
  version: '*.*.*'
- name: registry
  repository: ""
  version: '*.*.*'
- name: cert-manager
  repository: https://charts.jetstack.io/
  version: v1.12.12
- name: prometheus
  repository: https://prometheus-community.github.io/helm-charts
  version: 15.18.0
- name: postgresql
  repository: https://charts.bitnami.com/bitnami
  version: 12.5.2
- name: gitlab-runner
  repository: https://charts.gitlab.io/
  version: 0.67.0
- name: redis
  repository: https://charts.bitnami.com/bitnami
  version: 16.13.2
- name: nginx-ingress
  repository: ""
  version: '*.*.*'
- name: nginx-ingress
  repository: ""
  version: '*.*.*'
- name: gitlab-zoekt
  repository: https://charts.gitlab.io/
  version: 1.4.0
- name: traefik
  repository: https://helm.traefik.io/traefik
  version: 10.19.4
- name: kubernetes-ingress
  repository: https://haproxytech.github.io/helm-charts
  version: 1.32.0
digest: sha256:11b20c5ace560bcb4d31f75d738f2cb4e4d786113a1395735487f925d0cdf0ab
generated: "2024-08-07T08:49:59.390956261Z"
